{
  "nodes": {
    "nixpkgs": {
      "locked": {
        "lastModified": 1772173633,
        "narHash": "sha256-MOH58F4AIbCkh6qlQcwMycyk5SWvsqnS/TCfnqDlpj4=",
        "owner": "nixos",
        "repo": "nixpkgs",
        "rev": "c0f3d81a7ddbc2b1332be0d8481a672b4f6004d6",
        "type": "github"
      },
      "original": {
        "owner": "nixos",
        "ref": "nixpkgs-unstable",
        "repo": "nixpkgs",
        "type": "github"
      }
    },
    "nixpkgs_2": {
      "locked": {
        "lastModified": 1769652332,
        "narHash": "sha256-EcYcVR8uNkGc2NZGa4Tw1jgW/kHt6D3uG7ql22g0FIo=",
        "owner": "nixos",
        "repo": "nixpkgs",
        "rev": "fb5b1a75f4b25f5184dd46ad3ef67c7fb5671dfa",
        "type": "github"
      },
      "original": {
        "owner": "nixos",
        "repo": "nixpkgs",
        "type": "github"
      }
    },
    "nixpkgs_3": {
      "locked": {
        "lastModified": 1769540155,
        "narHash": "sha256-1RctsHxtoeQ0yT+TAhAmnkkqOG3wvmhLv1t/Bxl6UeQ=",
        "owner": "nixos",
        "repo": "nixpkgs",
        "rev": "7a6746ae292e46bedbd532f422eff4434607f6fb",
        "type": "github"
      },
      "original": {
        "owner": "nixos",
        "repo": "nixpkgs",
        "type": "github"
      }
    },
    "root": {
      "inputs": {
        "nixpkgs": "nixpkgs",
        "sign-sink": "sign-sink",
        "sign-source": "sign-source"
      }
    },
    "sign-sink": {
      "inputs": {
        "nixpkgs": "nixpkgs_2"
      },
      "locked": {
        "lastModified": 1771132178,
        "narHash": "sha256-uTlwksRRugxuOHGwwl+LxvpB1FK+bfvpuJz16VYvp/8=",
        "owner": "atalii",
        "repo": "nextbus-sign-server",
        "rev": "71b01656cd07b12d11f4ffd251ed170c069eafb9",
        "type": "github"
      },
      "original": {
        "owner": "atalii",
        "repo": "nextbus-sign-server",
        "type": "github"
      }
    },
    "sign-source": {
      "inputs": {
        "nixpkgs": "nixpkgs_3"
      },
      "locked": {
        "lastModified": 1769891371,
        "narHash": "sha256-vQlwlQsaGziwncgjkh0MI5EfSjJlgRibmT36KSQ3I3A=",
        "owner": "atalii",
        "repo": "railway-uptime-monitor",
        "rev": "7ce02717e7e88cef4058aecce66a53cdf6cbecd8",
        "type": "github"
      },
      "original": {
        "owner": "atalii",
        "repo": "railway-uptime-monitor",
        "type": "github"
      }
    }
  },
  "root": "root",
  "version": 7
}
